// !$*UTF8*$!
{
	archiveVersion = 1;
	classes = {
	};
	objectVersion = 56;
	objects = {

/* Begin PBXBuildFile section */
		A47E70862BBDD77E005802B0 /* ContactsViewModel.swift in Sources */ = {isa = PBXBuildFile; fileRef = A47E70852BBDD77E005802B0 /* ContactsViewModel.swift */; };
		A47E70882BBE1E2C005802B0 /* ContactModel.swift in Sources */ = {isa = PBXBuildFile; fileRef = A47E70872BBE1E2C005802B0 /* ContactModel.swift */; };
		A47E708A2BDAC0EE005802B0 /* ContactDetailView.swift in Sources */ = {isa = PBXBuildFile; fileRef = A47E70892BDAC0EE005802B0 /* ContactDetailView.swift */; };
		A47E708C2BDAE4FC005802B0 /* ContactListRowView.swift in Sources */ = {isa = PBXBuildFile; fileRef = A47E708B2BDAE4FC005802B0 /* ContactListRowView.swift */; };
		A4A81C192B156AB700948951 /* StarView.swift in Sources */ = {isa = PBXBuildFile; fileRef = A4A81C182B156AB700948951 /* StarView.swift */; };
		A4A81C1B2B156ACE00948951 /* MakeCallView.swift in Sources */ = {isa = PBXBuildFile; fileRef = A4A81C1A2B156ACE00948951 /* MakeCallView.swift */; };
		A4A81C1D2B156ADF00948951 /* ContactsView.swift in Sources */ = {isa = PBXBuildFile; fileRef = A4A81C1C2B156ADF00948951 /* ContactsView.swift */; };
		A4A81C1F2B156AF200948951 /* KeypadView.swift in Sources */ = {isa = PBXBuildFile; fileRef = A4A81C1E2B156AF200948951 /* KeypadView.swift */; };
		A4A81C212B156B0700948951 /* VoicemailView.swift in Sources */ = {isa = PBXBuildFile; fileRef = A4A81C202B156B0700948951 /* VoicemailView.swift */; };
		A4A81C252B15BB0C00948951 /* CallOptionModel.swift in Sources */ = {isa = PBXBuildFile; fileRef = A4A81C242B15BB0C00948951 /* CallOptionModel.swift */; };
		A4A81C292B168AF800948951 /* OptionListRowView.swift in Sources */ = {isa = PBXBuildFile; fileRef = A4A81C282B168AF800948951 /* OptionListRowView.swift */; };
		A4A81C2B2B16927900948951 /* NumberButton.swift in Sources */ = {isa = PBXBuildFile; fileRef = A4A81C2A2B16927900948951 /* NumberButton.swift */; };
		A4A81C2D2B16CA2E00948951 /* PhoneGridRow.swift in Sources */ = {isa = PBXBuildFile; fileRef = A4A81C2C2B16CA2E00948951 /* PhoneGridRow.swift */; };
		A4BFCE9D2B9A376C00D77A04 /* CallOptionViewModel.swift in Sources */ = {isa = PBXBuildFile; fileRef = A4BFCE9C2B9A376C00D77A04 /* CallOptionViewModel.swift */; };
		A4BFCE9F2B9A80F000D77A04 /* CallingSessionView.swift in Sources */ = {isa = PBXBuildFile; fileRef = A4BFCE9E2B9A80F000D77A04 /* CallingSessionView.swift */; };
		A4BFCEA32B9A8A3500D77A04 /* SessionButtonView.swift in Sources */ = {isa = PBXBuildFile; fileRef = A4BFCEA22B9A8A3500D77A04 /* SessionButtonView.swift */; };
		A4FCB1A52ABE1D4900F6CA86 /* BluePhoneApp.swift in Sources */ = {isa = PBXBuildFile; fileRef = A4FCB1A42ABE1D4900F6CA86 /* BluePhoneApp.swift */; };
		A4FCB1A72ABE1D4900F6CA86 /* MainView.swift in Sources */ = {isa = PBXBuildFile; fileRef = A4FCB1A62ABE1D4900F6CA86 /* MainView.swift */; };
		A4FCB1A92ABE1D4B00F6CA86 /* Assets.xcassets in Resources */ = {isa = PBXBuildFile; fileRef = A4FCB1A82ABE1D4B00F6CA86 /* Assets.xcassets */; };
		A4FCB1AC2ABE1D4B00F6CA86 /* Preview Assets.xcassets in Resources */ = {isa = PBXBuildFile; fileRef = A4FCB1AB2ABE1D4B00F6CA86 /* Preview Assets.xcassets */; };
/* End PBXBuildFile section */

/* Begin PBXFileReference section */
		A47E70852BBDD77E005802B0 /* ContactsViewModel.swift */ = {isa = PBXFileReference; lastKnownFileType = sourcecode.swift; path = ContactsViewModel.swift; sourceTree = "<group>"; };
		A47E70872BBE1E2C005802B0 /* ContactModel.swift */ = {isa = PBXFileReference; lastKnownFileType = sourcecode.swift; path = ContactModel.swift; sourceTree = "<group>"; };
		A47E70892BDAC0EE005802B0 /* ContactDetailView.swift */ = {isa = PBXFileReference; lastKnownFileType = sourcecode.swift; path = ContactDetailView.swift; sourceTree = "<group>"; };
		A47E708B2BDAE4FC005802B0 /* ContactListRowView.swift */ = {isa = PBXFileReference; lastKnownFileType = sourcecode.swift; path = ContactListRowView.swift; sourceTree = "<group>"; };
		A4A81C182B156AB700948951 /* StarView.swift */ = {isa = PBXFileReference; lastKnownFileType = sourcecode.swift; path = StarView.swift; sourceTree = "<group>"; };
		A4A81C1A2B156ACE00948951 /* MakeCallView.swift */ = {isa = PBXFileReference; lastKnownFileType = sourcecode.swift; path = MakeCallView.swift; sourceTree = "<group>"; };
		A4A81C1C2B156ADF00948951 /* ContactsView.swift */ = {isa = PBXFileReference; lastKnownFileType = sourcecode.swift; path = ContactsView.swift; sourceTree = "<group>"; };
		A4A81C1E2B156AF200948951 /* KeypadView.swift */ = {isa = PBXFileReference; lastKnownFileType = sourcecode.swift; path = KeypadView.swift; sourceTree = "<group>"; };
		A4A81C202B156B0700948951 /* VoicemailView.swift */ = {isa = PBXFileReference; lastKnownFileType = sourcecode.swift; path = VoicemailView.swift; sourceTree = "<group>"; };
		A4A81C242B15BB0C00948951 /* CallOptionModel.swift */ = {isa = PBXFileReference; lastKnownFileType = sourcecode.swift; path = CallOptionModel.swift; sourceTree = "<group>"; };
		A4A81C282B168AF800948951 /* OptionListRowView.swift */ = {isa = PBXFileReference; lastKnownFileType = sourcecode.swift; path = OptionListRowView.swift; sourceTree = "<group>"; };
		A4A81C2A2B16927900948951 /* NumberButton.swift */ = {isa = PBXFileReference; lastKnownFileType = sourcecode.swift; path = NumberButton.swift; sourceTree = "<group>"; };
		A4A81C2C2B16CA2E00948951 /* PhoneGridRow.swift */ = {isa = PBXFileReference; lastKnownFileType = sourcecode.swift; path = PhoneGridRow.swift; sourceTree = "<group>"; };
		A4BFCE9C2B9A376C00D77A04 /* CallOptionViewModel.swift */ = {isa = PBXFileReference; lastKnownFileType = sourcecode.swift; path = CallOptionViewModel.swift; sourceTree = "<group>"; };
		A4BFCE9E2B9A80F000D77A04 /* CallingSessionView.swift */ = {isa = PBXFileReference; lastKnownFileType = sourcecode.swift; path = CallingSessionView.swift; sourceTree = "<group>"; };
		A4BFCEA22B9A8A3500D77A04 /* SessionButtonView.swift */ = {isa = PBXFileReference; lastKnownFileType = sourcecode.swift; path = SessionButtonView.swift; sourceTree = "<group>"; };
		A4FCB1A12ABE1D4900F6CA86 /* BluePhone.app */ = {isa = PBXFileReference; explicitFileType = wrapper.application; includeInIndex = 0; path = BluePhone.app; sourceTree = BUILT_PRODUCTS_DIR; };
		A4FCB1A42ABE1D4900F6CA86 /* BluePhoneApp.swift */ = {isa = PBXFileReference; lastKnownFileType = sourcecode.swift; path = BluePhoneApp.swift; sourceTree = "<group>"; };
		A4FCB1A62ABE1D4900F6CA86 /* MainView.swift */ = {isa = PBXFileReference; lastKnownFileType = sourcecode.swift; path = MainView.swift; sourceTree = "<group>"; };
		A4FCB1A82ABE1D4B00F6CA86 /* Assets.xcassets */ = {isa = PBXFileReference; lastKnownFileType = folder.assetcatalog; path = Assets.xcassets; sourceTree = "<group>"; };
		A4FCB1AB2ABE1D4B00F6CA86 /* Preview Assets.xcassets */ = {isa = PBXFileReference; lastKnownFileType = folder.assetcatalog; path = "Preview Assets.xcassets"; sourceTree = "<group>"; };
/* End PBXFileReference section */

/* Begin PBXFrameworksBuildPhase section */
		A4FCB19E2ABE1D4900F6CA86 /* Frameworks */ = {
			isa = PBXFrameworksBuildPhase;
			buildActionMask = 2147483647;
			files = (
			);
			runOnlyForDeploymentPostprocessing = 0;
		};
/* End PBXFrameworksBuildPhase section */

/* Begin PBXGroup section */
		A4BFCE992B9A0AD100D77A04 /* Models */ = {
			isa = PBXGroup;
			children = (
				A4A81C242B15BB0C00948951 /* CallOptionModel.swift */,
				A47E70872BBE1E2C005802B0 /* ContactModel.swift */,
			);
			path = Models;
			sourceTree = "<group>";
		};
		A4BFCE9A2B9A0ADE00D77A04 /* ViewModels */ = {
			isa = PBXGroup;
			children = (
				A4BFCE9C2B9A376C00D77A04 /* CallOptionViewModel.swift */,
				A47E70852BBDD77E005802B0 /* ContactsViewModel.swift */,
			);
			path = ViewModels;
			sourceTree = "<group>";
		};
		A4BFCE9B2B9A0AE800D77A04 /* Views */ = {
			isa = PBXGroup;
			children = (
				A4FCB1A62ABE1D4900F6CA86 /* MainView.swift */,
				A4A81C182B156AB700948951 /* StarView.swift */,
				A4A81C1A2B156ACE00948951 /* MakeCallView.swift */,
				A4A81C1C2B156ADF00948951 /* ContactsView.swift */,
				A4A81C1E2B156AF200948951 /* KeypadView.swift */,
				A4A81C202B156B0700948951 /* VoicemailView.swift */,
				A4A81C282B168AF800948951 /* OptionListRowView.swift */,
				A4A81C2A2B16927900948951 /* NumberButton.swift */,
				A4A81C2C2B16CA2E00948951 /* PhoneGridRow.swift */,
				A4BFCE9E2B9A80F000D77A04 /* CallingSessionView.swift */,
				A4BFCEA22B9A8A3500D77A04 /* SessionButtonView.swift */,
				A47E70892BDAC0EE005802B0 /* ContactDetailView.swift */,
				A47E708B2BDAE4FC005802B0 /* ContactListRowView.swift */,
			);
			path = Views;
			sourceTree = "<group>";
		};
		A4FCB1982ABE1D4900F6CA86 = {
			isa = PBXGroup;
			children = (
				A4FCB1A32ABE1D4900F6CA86 /* BluePhone */,
				A4FCB1A22ABE1D4900F6CA86 /* Products */,
			);
			sourceTree = "<group>";
		};
		A4FCB1A22ABE1D4900F6CA86 /* Products */ = {
			isa = PBXGroup;
			children = (
				A4FCB1A12ABE1D4900F6CA86 /* BluePhone.app */,
			);
			name = Products;
			sourceTree = "<group>";
		};
		A4FCB1A32ABE1D4900F6CA86 /* BluePhone */ = {
			isa = PBXGroup;
			children = (
				A4BFCE9B2B9A0AE800D77A04 /* Views */,
				A4BFCE9A2B9A0ADE00D77A04 /* ViewModels */,
				A4BFCE992B9A0AD100D77A04 /* Models */,
				A4FCB1A42ABE1D4900F6CA86 /* BluePhoneApp.swift */,
				A4FCB1A82ABE1D4B00F6CA86 /* Assets.xcassets */,
				A4FCB1AA2ABE1D4B00F6CA86 /* Preview Content */,
			);
			path = BluePhone;
			sourceTree = "<group>";
		};
		A4FCB1AA2ABE1D4B00F6CA86 /* Preview Content */ = {
			isa = PBXGroup;
			children = (
				A4FCB1AB2ABE1D4B00F6CA86 /* Preview Assets.xcassets */,
			);
			path = "Preview Content";
			sourceTree = "<group>";
		};
/* End PBXGroup section */

/* Begin PBXNativeTarget section */
		A4FCB1A02ABE1D4900F6CA86 /* BluePhone */ = {
			isa = PBXNativeTarget;
			buildConfigurationList = A4FCB1AF2ABE1D4B00F6CA86 /* Build configuration list for PBXNativeTarget "BluePhone" */;
			buildPhases = (
				A4FCB19D2ABE1D4900F6CA86 /* Sources */,
				A4FCB19E2ABE1D4900F6CA86 /* Frameworks */,
				A4FCB19F2ABE1D4900F6CA86 /* Resources */,
			);
			buildRules = (
			);
			dependencies = (
			);
			name = BluePhone;
			productName = BluePhone;
			productReference = A4FCB1A12ABE1D4900F6CA86 /* BluePhone.app */;
			productType = "com.apple.product-type.application";
		};
/* End PBXNativeTarget section */

/* Begin PBXProject section */
		A4FCB1992ABE1D4900F6CA86 /* Project object */ = {
			isa = PBXProject;
			attributes = {
				BuildIndependentTargetsInParallel = 1;
				LastSwiftUpdateCheck = 1430;
				LastUpgradeCheck = 1430;
				TargetAttributes = {
					A4FCB1A02ABE1D4900F6CA86 = {
						CreatedOnToolsVersion = 14.3.1;
					};
				};
			};
			buildConfigurationList = A4FCB19C2ABE1D4900F6CA86 /* Build configuration list for PBXProject "BluePhone" */;
			compatibilityVersion = "Xcode 14.0";
			developmentRegion = en;
			hasScannedForEncodings = 0;
			knownRegions = (
				en,
				Base,
			);
			mainGroup = A4FCB1982ABE1D4900F6CA86;
			productRefGroup = A4FCB1A22ABE1D4900F6CA86 /* Products */;
			projectDirPath = "";
			projectRoot = "";
			targets = (
				A4FCB1A02ABE1D4900F6CA86 /* BluePhone */,
			);
		};
/* End PBXProject section */

/* Begin PBXResourcesBuildPhase section */
		A4FCB19F2ABE1D4900F6CA86 /* Resources */ = {
			isa = PBXResourcesBuildPhase;
			buildActionMask = 2147483647;
			files = (
				A4FCB1AC2ABE1D4B00F6CA86 /* Preview Assets.xcassets in Resources */,
				A4FCB1A92ABE1D4B00F6CA86 /* Assets.xcassets in Resources */,
			);
			runOnlyForDeploymentPostprocessing = 0;
		};
/* End PBXResourcesBuildPhase section */

/* Begin PBXSourcesBuildPhase section */
		A4FCB19D2ABE1D4900F6CA86 /* Sources */ = {
			isa = PBXSourcesBuildPhase;
			buildActionMask = 2147483647;
			files = (
				A4A81C2D2B16CA2E00948951 /* PhoneGridRow.swift in Sources */,
				A47E70862BBDD77E005802B0 /* ContactsViewModel.swift in Sources */,
				A4BFCE9F2B9A80F000D77A04 /* CallingSessionView.swift in Sources */,
				A4BFCEA32B9A8A3500D77A04 /* SessionButtonView.swift in Sources */,
				A47E708C2BDAE4FC005802B0 /* ContactListRowView.swift in Sources */,
				A4A81C252B15BB0C00948951 /* CallOptionModel.swift in Sources */,
				A4A81C1D2B156ADF00948951 /* ContactsView.swift in Sources */,
				A4A81C192B156AB700948951 /* StarView.swift in Sources */,
				A4A81C1F2B156AF200948951 /* KeypadView.swift in Sources */,
				A47E708A2BDAC0EE005802B0 /* ContactDetailView.swift in Sources */,
				A4A81C1B2B156ACE00948951 /* MakeCallView.swift in Sources */,
				A4A81C212B156B0700948951 /* VoicemailView.swift in Sources */,
				A47E70882BBE1E2C005802B0 /* ContactModel.swift in Sources */,
				A4A81C2B2B16927900948951 /* NumberButton.swift in Sources */,
				A4A81C292B168AF800948951 /* OptionListRowView.swift in Sources */,
				A4BFCE9D2B9A376C00D77A04 /* CallOptionViewModel.swift in Sources */,
				A4FCB1A72ABE1D4900F6CA86 /* MainView.swift in Sources */,
				A4FCB1A52ABE1D4900F6CA86 /* BluePhoneApp.swift in Sources */,
			);
			runOnlyForDeploymentPostprocessing = 0;
		};
/* End PBXSourcesBuildPhase section */

/* Begin XCBuildConfiguration section */
		A4FCB1AD2ABE1D4B00F6CA86 /* Debug */ = {
			isa = XCBuildConfiguration;
			buildSettings = {
				ALWAYS_SEARCH_USER_PATHS = NO;
				CLANG_ANALYZER_NONNULL = YES;
				CLANG_ANALYZER_NUMBER_OBJECT_CONVERSION = YES_AGGRESSIVE;
				CLANG_CXX_LANGUAGE_STANDARD = "gnu++20";
				CLANG_ENABLE_MODULES = YES;
				CLANG_ENABLE_OBJC_ARC = YES;
				CLANG_ENABLE_OBJC_WEAK = YES;
				CLANG_WARN_BLOCK_CAPTURE_AUTORELEASING = YES;
				CLANG_WARN_BOOL_CONVERSION = YES;
				CLANG_WARN_COMMA = YES;
				CLANG_WARN_CONSTANT_CONVERSION = YES;
				CLANG_WARN_DEPRECATED_OBJC_IMPLEMENTATIONS = YES;
				CLANG_WARN_DIRECT_OBJC_ISA_USAGE = YES_ERROR;
				CLANG_WARN_DOCUMENTATION_COMMENTS = YES;
				CLANG_WARN_EMPTY_BODY = YES;
				CLANG_WARN_ENUM_CONVERSION = YES;
				CLANG_WARN_INFINITE_RECURSION = YES;
				CLANG_WARN_INT_CONVERSION = YES;
				CLANG_WARN_NON_LITERAL_NULL_CONVERSION = YES;
				CLANG_WARN_OBJC_IMPLICIT_RETAIN_SELF = YES;
				CLANG_WARN_OBJC_LITERAL_CONVERSION = YES;
				CLANG_WARN_OBJC_ROOT_CLASS = YES_ERROR;
				CLANG_WARN_QUOTED_INCLUDE_IN_FRAMEWORK_HEADER = YES;
				CLANG_WARN_RANGE_LOOP_ANALYSIS = YES;
				CLANG_WARN_STRICT_PROTOTYPES = YES;
				CLANG_WARN_SUSPICIOUS_MOVE = YES;
				CLANG_WARN_UNGUARDED_AVAILABILITY = YES_AGGRESSIVE;
				CLANG_WARN_UNREACHABLE_CODE = YES;
				CLANG_WARN__DUPLICATE_METHOD_MATCH = YES;
				COPY_PHASE_STRIP = NO;
				DEBUG_INFORMATION_FORMAT = dwarf;
				ENABLE_STRICT_OBJC_MSGSEND = YES;
				ENABLE_TESTABILITY = YES;
				GCC_C_LANGUAGE_STANDARD = gnu11;
				GCC_DYNAMIC_NO_PIC = NO;
				GCC_NO_COMMON_BLOCKS = YES;
				GCC_OPTIMIZATION_LEVEL = 0;
				GCC_PREPROCESSOR_DEFINITIONS = (
					"DEBUG=1",
					"$(inherited)",
				);
				GCC_WARN_64_TO_32_BIT_CONVERSION = YES;
				GCC_WARN_ABOUT_RETURN_TYPE = YES_ERROR;
				GCC_WARN_UNDECLARED_SELECTOR = YES;
				GCC_WARN_UNINITIALIZED_AUTOS = YES_AGGRESSIVE;
				GCC_WARN_UNUSED_FUNCTION = YES;
				GCC_WARN_UNUSED_VARIABLE = YES;
				IPHONEOS_DEPLOYMENT_TARGET = 17.2;
				MTL_ENABLE_DEBUG_INFO = INCLUDE_SOURCE;
				MTL_FAST_MATH = YES;
				ONLY_ACTIVE_ARCH = YES;
				SDKROOT = iphoneos;
				SWIFT_ACTIVE_COMPILATION_CONDITIONS = DEBUG;
				SWIFT_OPTIMIZATION_LEVEL = "-Onone";
			};
			name = Debug;
		};
		A4FCB1AE2ABE1D4B00F6CA86 /* Release */ = {
			isa = XCBuildConfiguration;
			buildSettings = {
				ALWAYS_SEARCH_USER_PATHS = NO;
				CLANG_ANALYZER_NONNULL = YES;
				CLANG_ANALYZER_NUMBER_OBJECT_CONVERSION = YES_AGGRESSIVE;
				CLANG_CXX_LANGUAGE_STANDARD = "gnu++20";
				CLANG_ENABLE_MODULES = YES;
				CLANG_ENABLE_OBJC_ARC = YES;
				CLANG_ENABLE_OBJC_WEAK = YES;
				CLANG_WARN_BLOCK_CAPTURE_AUTORELEASING = YES;
				CLANG_WARN_BOOL_CONVERSION = YES;
				CLANG_WARN_COMMA = YES;
				CLANG_WARN_CONSTANT_CONVERSION = YES;
				CLANG_WARN_DEPRECATED_OBJC_IMPLEMENTATIONS = YES;
				CLANG_WARN_DIRECT_OBJC_ISA_USAGE = YES_ERROR;
				CLANG_WARN_DOCUMENTATION_COMMENTS = YES;
				CLANG_WARN_EMPTY_BODY = YES;
				CLANG_WARN_ENUM_CONVERSION = YES;
				CLANG_WARN_INFINITE_RECURSION = YES;
				CLANG_WARN_INT_CONVERSION = YES;
				CLANG_WARN_NON_LITERAL_NULL_CONVERSION = YES;
				CLANG_WARN_OBJC_IMPLICIT_RETAIN_SELF = YES;
				CLANG_WARN_OBJC_LITERAL_CONVERSION = YES;
				CLANG_WARN_OBJC_ROOT_CLASS = YES_ERROR;
				CLANG_WARN_QUOTED_INCLUDE_IN_FRAMEWORK_HEADER = YES;
				CLANG_WARN_RANGE_LOOP_ANALYSIS = YES;
				CLANG_WARN_STRICT_PROTOTYPES = YES;
				CLANG_WARN_SUSPICIOUS_MOVE = YES;
				CLANG_WARN_UNGUARDED_AVAILABILITY = YES_AGGRESSIVE;
				CLANG_WARN_UNREACHABLE_CODE = YES;
				CLANG_WARN__DUPLICATE_METHOD_MATCH = YES;
				COPY_PHASE_STRIP = NO;
				DEBUG_INFORMATION_FORMAT = "dwarf-with-dsym";
				ENABLE_NS_ASSERTIONS = NO;
				ENABLE_STRICT_OBJC_MSGSEND = YES;
				GCC_C_LANGUAGE_STANDARD = gnu11;
				GCC_NO_COMMON_BLOCKS = YES;
				GCC_WARN_64_TO_32_BIT_CONVERSION = YES;
				GCC_WARN_ABOUT_RETURN_TYPE = YES_ERROR;
				GCC_WARN_UNDECLARED_SELECTOR = YES;
				GCC_WARN_UNINITIALIZED_AUTOS = YES_AGGRESSIVE;
				GCC_WARN_UNUSED_FUNCTION = YES;
				GCC_WARN_UNUSED_VARIABLE = YES;
				IPHONEOS_DEPLOYMENT_TARGET = 17.2;
				MTL_ENABLE_DEBUG_INFO = NO;
				MTL_FAST_MATH = YES;
				SDKROOT = iphoneos;
				SWIFT_COMPILATION_MODE = wholemodule;
				SWIFT_OPTIMIZATION_LEVEL = "-O";
				VALIDATE_PRODUCT = YES;
			};
			name = Release;
		};
		A4FCB1B02ABE1D4B00F6CA86 /* Debug */ = {
			isa = XCBuildConfiguration;
			buildSettings = {
				ASSETCATALOG_COMPILER_APPICON_NAME = AppIcon;
				ASSETCATALOG_COMPILER_GLOBAL_ACCENT_COLOR_NAME = AccentColor;
				CODE_SIGN_STYLE = Automatic;
				CURRENT_PROJECT_VERSION = 1;
				DEVELOPMENT_ASSET_PATHS = "\"BluePhone/Preview Content\"";
				DEVELOPMENT_TEAM = 38J4Q6NR27;
				ENABLE_PREVIEWS = YES;
				GENERATE_INFOPLIST_FILE = YES;
				INFOPLIST_KEY_NSContactsUsageDescription = "Sync your contacts to call them.";
				INFOPLIST_KEY_UIApplicationSceneManifest_Generation = YES;
				INFOPLIST_KEY_UIApplicationSupportsIndirectInputEvents = YES;
				INFOPLIST_KEY_UILaunchScreen_Generation = YES;
				INFOPLIST_KEY_UISupportedInterfaceOrientations_iPad = "UIInterfaceOrientationPortrait UIInterfaceOrientationPortraitUpsideDown UIInterfaceOrientationLandscapeLeft UIInterfaceOrientationLandscapeRight";
				INFOPLIST_KEY_UISupportedInterfaceOrientations_iPhone = "UIInterfaceOrientationPortrait UIInterfaceOrientationLandscapeLeft UIInterfaceOrientationLandscapeRight";
				LD_RUNPATH_SEARCH_PATHS = (
					"$(inherited)",
					"@executable_path/Frameworks",
				);
				MARKETING_VERSION = 1.0;
				PRODUCT_BUNDLE_IDENTIFIER = com.marianacantero.BluePhone;
				PRODUCT_NAME = "$(TARGET_NAME)";
				SWIFT_EMIT_LOC_STRINGS = YES;
				SWIFT_VERSION = 5.0;
				TARGETED_DEVICE_FAMILY = "1,2";
			};
			name = Debug;
		};
		A4FCB1B12ABE1D4B00F6CA86 /* Release */ = {
			isa = XCBuildConfiguration;
			buildSettings = {
				ASSETCATALOG_COMPILER_APPICON_NAME = AppIcon;
				ASSETCATALOG_COMPILER_GLOBAL_ACCENT_COLOR_NAME = AccentColor;
				CODE_SIGN_STYLE = Automatic;
				CURRENT_PROJECT_VERSION = 1;
				DEVELOPMENT_ASSET_PATHS = "\"BluePhone/Preview Content\"";
				DEVELOPMENT_TEAM = 38J4Q6NR27;
				ENABLE_PREVIEWS = YES;
				GENERATE_INFOPLIST_FILE = YES;
				INFOPLIST_KEY_NSContactsUsageDescription = "Sync your contacts to call them.";
				INFOPLIST_KEY_UIApplicationSceneManifest_Generation = YES;
				INFOPLIST_KEY_UIApplicationSupportsIndirectInputEvents = YES;
				INFOPLIST_KEY_UILaunchScreen_Generation = YES;
				INFOPLIST_KEY_UISupportedInterfaceOrientations_iPad = "UIInterfaceOrientationPortrait UIInterfaceOrientationPortraitUpsideDown UIInterfaceOrientationLandscapeLeft UIInterfaceOrientationLandscapeRight";
				INFOPLIST_KEY_UISupportedInterfaceOrientations_iPhone = "UIInterfaceOrientationPortrait UIInterfaceOrientationLandscapeLeft UIInterfaceOrientationLandscapeRight";
				LD_RUNPATH_SEARCH_PATHS = (
					"$(inherited)",
					"@executable_path/Frameworks",
				);
				MARKETING_VERSION = 1.0;
				PRODUCT_BUNDLE_IDENTIFIER = com.marianacantero.BluePhone;
				PRODUCT_NAME = "$(TARGET_NAME)";
				SWIFT_EMIT_LOC_STRINGS = YES;
				SWIFT_VERSION = 5.0;
				TARGETED_DEVICE_FAMILY = "1,2";
			};
			name = Release;
		};
/* End XCBuildConfiguration section */

/* Begin XCConfigurationList section */
		A4FCB19C2ABE1D4900F6CA86 /* Build configuration list for PBXProject "BluePhone" */ = {
			isa = XCConfigurationList;
			buildConfigurations = (
				A4FCB1AD2ABE1D4B00F6CA86 /* Debug */,
				A4FCB1AE2ABE1D4B00F6CA86 /* Release */,
			);
			defaultConfigurationIsVisible = 0;
			defaultConfigurationName = Release;
		};
		A4FCB1AF2ABE1D4B00F6CA86 /* Build configuration list for PBXNativeTarget "BluePhone" */ = {
			isa = XCConfigurationList;
			buildConfigurations = (
				A4FCB1B02ABE1D4B00F6CA86 /* Debug */,
				A4FCB1B12ABE1D4B00F6CA86 /* Release */,
			);
			defaultConfigurationIsVisible = 0;
			defaultConfigurationName = Release;
		};
/* End XCConfigurationList section */
	};
	rootObject = A4FCB1992ABE1D4900F6CA86 /* Project object */;
}
